<?xml version="1.0" encoding="utf-8"?>
<Project ToolsVersion="4.0" xmlns:atg="http://atg.xbox.com" xmlns="http://schemas.microsoft.com/developer/msbuild/2003">
  <ItemGroup>
    <Filter Include="Resource Files">
      <UniqueIdentifier>{8e114980-c1a3-4ada-ad7c-83caadf5daeb}</UniqueIdentifier>
      <Extensions>rc;ico;cur;bmp;dlg;rc2;rct;bin;rgs;gif;jpg;jpeg;jpe</Extensions>
    </Filter>
    <Filter Include="DXUT">
      <UniqueIdentifier>{a43c5c25-0e86-4a20-b64a-883785ff74fd}</UniqueIdentifier>
    </Filter>
    <Filter Include="Shaders">
      <UniqueIdentifier>{2c3d4c8c-5d1a-459a-a05a-a4e4b608a44e}</UniqueIdentifier>
      <Extensions>fx;fxh;hlsl</Extensions>
    </Filter>
    <Filter Include="MainProc">
      <UniqueIdentifier>{0de98c09-0781-4282-adfc-05eeb70af9b0}</UniqueIdentifier>
    </Filter>
    <Filter Include="Manager">
      <UniqueIdentifier>{5901d90a-986b-45b9-91f2-1635520dbf40}</UniqueIdentifier>
    </Filter>
    <Filter Include="Manager\RenderManager">
      <UniqueIdentifier>{35fafe5d-b3f1-4217-8701-7a7326365a2d}</UniqueIdentifier>
    </Filter>
    <Filter Include="Manager\CameraManager">
      <UniqueIdentifier>{67c83238-49aa-4135-b74e-0e789675b024}</UniqueIdentifier>
    </Filter>
    <Filter Include="Manager\ResourceManager">
      <UniqueIdentifier>{43426b59-4cef-4a62-9760-b4d7a4b72817}</UniqueIdentifier>
    </Filter>
    <Filter Include="Vertex">
      <UniqueIdentifier>{a89f31a0-5b88-4833-984e-062534de5ff1}</UniqueIdentifier>
    </Filter>
    <Filter Include="System">
      <UniqueIdentifier>{8de4f8b9-96a8-485a-94af-adc498b401cf}</UniqueIdentifier>
    </Filter>
    <Filter Include="Manager\InputManager">
      <UniqueIdentifier>{aa2b8266-72c9-4905-b081-6fe54c335a27}</UniqueIdentifier>
    </Filter>
    <Filter Include="GameObject">
      <UniqueIdentifier>{0c3a008c-5ab3-4a6f-995e-76493b67bc98}</UniqueIdentifier>
    </Filter>
    <Filter Include="GameObject\Player">
      <UniqueIdentifier>{0c8ee319-6729-4c48-b2ee-6cd0894107af}</UniqueIdentifier>
    </Filter>
    <Filter Include="Manager\SceneManager">
      <UniqueIdentifier>{5ca5c24c-0a1c-4094-8841-c4ef010e3965}</UniqueIdentifier>
    </Filter>
    <Filter Include="Manager\ObjectManager">
      <UniqueIdentifier>{f6b7444e-8d2c-4479-9b5f-50cbb0d60aab}</UniqueIdentifier>
    </Filter>
    <Filter Include="Scenes">
      <UniqueIdentifier>{38189df1-2431-49cf-8f1b-fa53fc8fbc08}</UniqueIdentifier>
    </Filter>
    <Filter Include="Scenes\InGameScene">
      <UniqueIdentifier>{cf65ca82-6005-4792-b2fa-edebfda62580}</UniqueIdentifier>
    </Filter>
    <Filter Include="GameObject\Background">
      <UniqueIdentifier>{070d348c-0d5c-4ddd-8f9d-0e58e5519b7e}</UniqueIdentifier>
    </Filter>
    <Filter Include="GameObject\MotionBlur">
      <UniqueIdentifier>{689e23eb-8dbf-43ed-9dab-c97f2697e8e4}</UniqueIdentifier>
    </Filter>
    <Filter Include="GameObject\MotionBlur\MotionEffect">
      <UniqueIdentifier>{74356e69-68a6-41eb-a4b1-902fb9c7565c}</UniqueIdentifier>
    </Filter>
    <Filter Include="GameObject\Bullets">
      <UniqueIdentifier>{6972bc38-217b-4208-8591-b73cfa5adda9}</UniqueIdentifier>
    </Filter>
    <Filter Include="System\EventHandler">
      <UniqueIdentifier>{4d06c459-ae90-4887-977b-80171598c808}</UniqueIdentifier>
    </Filter>
    <Filter Include="System\Timer">
      <UniqueIdentifier>{8f52152a-8bb4-4913-b8eb-431ffa4ba1e4}</UniqueIdentifier>
    </Filter>
    <Filter Include="Utility">
      <UniqueIdentifier>{0a4bd21f-9211-4f63-a4e7-e2e93a026010}</UniqueIdentifier>
    </Filter>
  </ItemGroup>
  <ItemGroup>
    <None Include="DXUT\Optional\directx.ico">
      <Filter>Resource Files</Filter>
    </None>
    <ClInclude Include="DXUT\Core\DXUT.h">
      <Filter>DXUT</Filter>
    </ClInclude>
    <ClInclude Include="DXUT\Core\DXUTenum.h">
      <Filter>DXUT</Filter>
    </ClInclude>
    <ClInclude Include="DXUT\Core\DXUTmisc.h">
      <Filter>DXUT</Filter>
    </ClInclude>
    <ClCompile Include="DXUT\Core\DXUT.cpp">
      <Filter>DXUT</Filter>
    </ClCompile>
    <ClCompile Include="DXUT\Core\DXUTenum.cpp">
      <Filter>DXUT</Filter>
    </ClCompile>
    <ClCompile Include="DXUT\Core\DXUTmisc.cpp">
      <Filter>DXUT</Filter>
    </ClCompile>
    <ClInclude Include="DXUT\Optional\DXUTcamera.h">
      <Filter>DXUT</Filter>
    </ClInclude>
    <ClInclude Include="DXUT\Optional\DXUTgui.h">
      <Filter>DXUT</Filter>
    </ClInclude>
    <ClInclude Include="DXUT\Optional\DXUTres.h">
      <Filter>DXUT</Filter>
    </ClInclude>
    <ClInclude Include="DXUT\Optional\DXUTsettingsdlg.h">
      <Filter>DXUT</Filter>
    </ClInclude>
    <ClInclude Include="DXUT\Optional\SDKmesh.h">
      <Filter>DXUT</Filter>
    </ClInclude>
    <ClInclude Include="DXUT\Optional\SDKmisc.h">
      <Filter>DXUT</Filter>
    </ClInclude>
    <ClCompile Include="DXUT\Optional\DXUTcamera.cpp">
      <Filter>DXUT</Filter>
    </ClCompile>
    <ClCompile Include="DXUT\Optional\DXUTgui.cpp">
      <Filter>DXUT</Filter>
    </ClCompile>
    <ClCompile Include="DXUT\Optional\DXUTres.cpp">
      <Filter>DXUT</Filter>
    </ClCompile>
    <ClCompile Include="DXUT\Optional\DXUTsettingsdlg.cpp">
      <Filter>DXUT</Filter>
    </ClCompile>
    <ClCompile Include="DXUT\Optional\SDKmesh.cpp">
      <Filter>DXUT</Filter>
    </ClCompile>
    <ClCompile Include="DXUT\Optional\SDKmisc.cpp">
      <Filter>DXUT</Filter>
    </ClCompile>
  </ItemGroup>
  <ItemGroup>
    <ClCompile Include="SkillContest201907.cpp" />
    <ClCompile Include="MainProc.cpp">
      <Filter>MainProc</Filter>
    </ClCompile>
    <ClCompile Include="RenderManager.cpp">
      <Filter>Manager\RenderManager</Filter>
    </ClCompile>
    <ClCompile Include="CameraManager.cpp">
      <Filter>Manager\CameraManager</Filter>
    </ClCompile>
    <ClCompile Include="ResourceManager.cpp">
      <Filter>Manager\ResourceManager</Filter>
    </ClCompile>
    <ClCompile Include="GameObject.cpp">
      <Filter>GameObject</Filter>
    </ClCompile>
    <ClCompile Include="InputManager.cpp">
      <Filter>Manager\InputManager</Filter>
    </ClCompile>
    <ClCompile Include="Player.cpp">
      <Filter>GameObject\Player</Filter>
    </ClCompile>
    <ClCompile Include="ObjectManager.cpp">
      <Filter>Manager\ObjectManager</Filter>
    </ClCompile>
    <ClCompile Include="SceneManager.cpp">
      <Filter>Manager\SceneManager</Filter>
    </ClCompile>
    <ClCompile Include="Scene.cpp">
      <Filter>Scenes</Filter>
    </ClCompile>
    <ClCompile Include="InGameScene.cpp">
      <Filter>Scenes\InGameScene</Filter>
    </ClCompile>
    <ClCompile Include="Background.cpp">
      <Filter>GameObject\Background</Filter>
    </ClCompile>
    <ClCompile Include="MotionBlur.cpp">
      <Filter>GameObject\MotionBlur</Filter>
    </ClCompile>
    <ClCompile Include="MotionEffect.cpp">
      <Filter>GameObject\MotionBlur\MotionEffect</Filter>
    </ClCompile>
    <ClCompile Include="EventHandler.cpp">
      <Filter>System\EventHandler</Filter>
    </ClCompile>
    <ClCompile Include="Timer.cpp">
      <Filter>System\Timer</Filter>
    </ClCompile>
    <ClCompile Include="Bullet.cpp">
      <Filter>GameObject\Bullets</Filter>
    </ClCompile>
    <ClCompile Include="Utility.cpp">
      <Filter>Utility</Filter>
    </ClCompile>
  </ItemGroup>
  <ItemGroup>
    <CLInclude Include="resource.h">
      <Filter>Resource Files</Filter>
    </CLInclude>
    <ResourceCompile Include="SkillContest201907.rc">
      <Filter>Resource Files</Filter>
    </ResourceCompile>
    <ClInclude Include="MainProc.h">
      <Filter>MainProc</Filter>
    </ClInclude>
    <ClInclude Include="Singleton.h">
      <Filter>Manager</Filter>
    </ClInclude>
    <ClInclude Include="stdafx.h" />
    <ClInclude Include="RenderManager.h">
      <Filter>Manager\RenderManager</Filter>
    </ClInclude>
    <ClInclude Include="CameraManager.h">
      <Filter>Manager\CameraManager</Filter>
    </ClInclude>
    <ClInclude Include="ResourceManager.h">
      <Filter>Manager\ResourceManager</Filter>
    </ClInclude>
    <ClInclude Include="TexVertex.h">
      <Filter>Vertex</Filter>
    </ClInclude>
    <ClInclude Include="GameObject.h">
      <Filter>GameObject</Filter>
    </ClInclude>
    <ClInclude Include="InputManager.h">
      <Filter>Manager\InputManager</Filter>
    </ClInclude>
    <ClInclude Include="Player.h">
      <Filter>GameObject\Player</Filter>
    </ClInclude>
    <ClInclude Include="ObjectManager.h">
      <Filter>Manager\ObjectManager</Filter>
    </ClInclude>
    <ClInclude Include="SceneManager.h">
      <Filter>Manager\SceneManager</Filter>
    </ClInclude>
    <ClInclude Include="Scene.h">
      <Filter>Scenes</Filter>
    </ClInclude>
    <ClInclude Include="InGameScene.h">
      <Filter>Scenes\InGameScene</Filter>
    </ClInclude>
    <ClInclude Include="Background.h">
      <Filter>GameObject\Background</Filter>
    </ClInclude>
    <ClInclude Include="MotionBlur.h">
      <Filter>GameObject\MotionBlur</Filter>
    </ClInclude>
    <ClInclude Include="MotionEffect.h">
      <Filter>GameObject\MotionBlur\MotionEffect</Filter>
    </ClInclude>
    <ClInclude Include="EventHandler.h">
      <Filter>System\EventHandler</Filter>
    </ClInclude>
    <ClInclude Include="Timer.h">
      <Filter>System\Timer</Filter>
    </ClInclude>
    <ClInclude Include="Bullet.h">
      <Filter>GameObject\Bullets</Filter>
    </ClInclude>
    <ClInclude Include="Utility.h">
      <Filter>Utility</Filter>
    </ClInclude>
  </ItemGroup>
  <ItemGroup>
    <FxCompile Include="DefaultShader.fx">
      <Filter>Shaders</Filter>
    </FxCompile>
  </ItemGroup>
</Project>